{
  "version": 4,
  "terraform_version": "1.2.3",
  "serial": 16,
  "lineage": "ae32e273-8f2a-b95d-69be-0e3f674b153f",
  "outputs": {},
  "resources": [
    {
      "mode": "managed",
      "type": "azurerm_container_group",
      "name": "notified-az-aci",
      "provider": "provider[\"registry.terraform.io/hashicorp/azurerm\"]",
      "instances": [
        {
          "schema_version": 0,
          "attributes": {
            "container": [
              {
                "commands": [],
                "cpu": 1,
                "environment_variables": null,
                "gpu": [],
                "image": "postgres:latest",
                "liveness_probe": [],
                "memory": 1.5,
                "name": "postgres",
                "ports": [],
                "readiness_probe": [],
                "secure_environment_variables": {
                  "POSTGRES_PASSWORD": "changeme",
                  "VTT_DBHOST": "localhost",
                  "VTT_LISTENHOST": "0.0.0.0"
                },
                "volume": []
              },
              {
                "commands": [
                  "/bin/sh",
                  "-c",
                  "sleep 10 ;  ./TechChallengeApp updatedb; ./TechChallengeApp serve"
                ],
                "cpu": 1,
                "environment_variables": null,
                "gpu": [],
                "image": "evila/az-test:15",
                "liveness_probe": [],
                "memory": 1.5,
                "name": "az-test",
                "ports": [
                  {
                    "port": 80,
                    "protocol": "TCP"
                  }
                ],
                "readiness_probe": [],
                "secure_environment_variables": {
                  "VTT_DBHOST": "localhost",
                  "VTT_DBPASSWORD": "changeme",
                  "VTT_LISTENHOST": "0.0.0.0",
                  "VTT_LISTENPORT": "80"
                },
                "volume": []
              }
            ],
            "diagnostics": [],
            "dns_config": [],
            "dns_name_label": "notified-techchallenge",
            "exposed_port": [
              {
                "port": 80,
                "protocol": "TCP"
              }
            ],
            "fqdn": "notified-techchallenge.westus.azurecontainer.io",
            "id": "/subscriptions/6744d209-817e-4d10-95e7-2278bf8d34bd/resourceGroups/az-notified-rg/providers/Microsoft.ContainerInstance/containerGroups/notified-techchallenge",
            "identity": [],
            "image_registry_credential": [],
            "init_container": [],
            "ip_address": "20.66.74.243",
            "ip_address_type": "Public",
            "key_vault_key_id": null,
            "location": "westus",
            "name": "notified-techchallenge",
            "network_profile_id": null,
            "os_type": "Linux",
            "resource_group_name": "az-notified-rg",
            "restart_policy": "Always",
            "tags": {
              "env": "dev"
            },
            "timeouts": null
          },
          "sensitive_attributes": [],
          "private": "eyJlMmJmYjczMC1lY2FhLTExZTYtOGY4OC0zNDM2M2JjN2M0YzAiOnsiY3JlYXRlIjoxODAwMDAwMDAwMDAwLCJkZWxldGUiOjE4MDAwMDAwMDAwMDAsInJlYWQiOjMwMDAwMDAwMDAwMCwidXBkYXRlIjoxODAwMDAwMDAwMDAwfX0=",
          "dependencies": [
            "azurerm_resource_group.az-rg"
          ]
        }
      ]
    },
    {
      "mode": "managed",
      "type": "azurerm_resource_group",
      "name": "az-rg",
      "provider": "provider[\"registry.terraform.io/hashicorp/azurerm\"]",
      "instances": [
        {
          "schema_version": 0,
          "attributes": {
            "id": "/subscriptions/6744d209-817e-4d10-95e7-2278bf8d34bd/resourceGroups/az-notified-rg",
            "location": "westus",
            "name": "az-notified-rg",
            "tags": {},
            "timeouts": null
          },
          "sensitive_attributes": [],
          "private": "eyJlMmJmYjczMC1lY2FhLTExZTYtOGY4OC0zNDM2M2JjN2M0YzAiOnsiY3JlYXRlIjo1NDAwMDAwMDAwMDAwLCJkZWxldGUiOjU0MDAwMDAwMDAwMDAsInJlYWQiOjMwMDAwMDAwMDAwMCwidXBkYXRlIjo1NDAwMDAwMDAwMDAwfX0="
        }
      ]
    }
  ]
}
